
Microsoft Visual Studio Solution File, Format Version 12.00
# Visual Studio 15
VisualStudioVersion = 15.0.26228.12
MinimumVisualStudioVersion = 10.0.40219.1
Project("{2150E333-8FDC-42A3-9474-1A3956D46DE8}") = "Solution Items", "Solution Items", "{DE56C4BC-F6EC-4497-8CF6-7C36CEF0C12A}"
	ProjectSection(SolutionItems) = preProject
		..\.gitignore = ..\.gitignore
		DeployCmsData.ruleset = DeployCmsData.ruleset
	EndProjectSection
EndProject
Project("{FAE04EC0-301F-11D3-BF4B-00C04F79EFBC}") = "DeployCmsData.UnitTest", "DeployCmsData.Test\DeployCmsData.UnitTest.csproj", "{5C9331F0-39C3-46BB-B75E-2E2C24486E5E}"
EndProject
Project("{FAE04EC0-301F-11D3-BF4B-00C04F79EFBC}") = "DeployCmsData.Web.SqlServer", "DeployCmsData.Web.SqlServer\DeployCmsData.Web.SqlServer.csproj", "{D0FF0BC2-94AC-47F6-A85D-E7B915FF4EB1}"
EndProject
Project("{FAE04EC0-301F-11D3-BF4B-00C04F79EFBC}") = "DeployCmsData.Web.SqlCe", "DeployCmsData.Web.SqlCe\DeployCmsData.Web.SqlCe.csproj", "{8D4CA35D-8B72-4C6F-AF86-783BD0C7ABDA}"
EndProject
Project("{FAE04EC0-301F-11D3-BF4B-00C04F79EFBC}") = "DeployCmsData.UmbracoCms", "DeployCmsData.UmbracoCms\DeployCmsData.UmbracoCms.csproj", "{23962911-6A2C-4DCB-A7CA-4FEA0840D0B9}"
EndProject
Project("{FAE04EC0-301F-11D3-BF4B-00C04F79EFBC}") = "DeployCmsData.Core", "DeployCmsData.Core\DeployCmsData.Core.csproj", "{C3D50060-EE8D-4F4C-81DF-1D8DBD665BD2}"
EndProject
Global
	GlobalSection(SolutionConfigurationPlatforms) = preSolution
		Debug|Any CPU = Debug|Any CPU
		Release|Any CPU = Release|Any CPU
	EndGlobalSection
	GlobalSection(ProjectConfigurationPlatforms) = postSolution
		{5C9331F0-39C3-46BB-B75E-2E2C24486E5E}.Debug|Any CPU.ActiveCfg = Debug|Any CPU
		{5C9331F0-39C3-46BB-B75E-2E2C24486E5E}.Debug|Any CPU.Build.0 = Debug|Any CPU
		{5C9331F0-39C3-46BB-B75E-2E2C24486E5E}.Release|Any CPU.ActiveCfg = Release|Any CPU
		{5C9331F0-39C3-46BB-B75E-2E2C24486E5E}.Release|Any CPU.Build.0 = Release|Any CPU
		{D0FF0BC2-94AC-47F6-A85D-E7B915FF4EB1}.Debug|Any CPU.ActiveCfg = Debug|Any CPU
		{D0FF0BC2-94AC-47F6-A85D-E7B915FF4EB1}.Debug|Any CPU.Build.0 = Debug|Any CPU
		{D0FF0BC2-94AC-47F6-A85D-E7B915FF4EB1}.Release|Any CPU.ActiveCfg = Release|Any CPU
		{D0FF0BC2-94AC-47F6-A85D-E7B915FF4EB1}.Release|Any CPU.Build.0 = Release|Any CPU
		{8D4CA35D-8B72-4C6F-AF86-783BD0C7ABDA}.Debug|Any CPU.ActiveCfg = Debug|Any CPU
		{8D4CA35D-8B72-4C6F-AF86-783BD0C7ABDA}.Debug|Any CPU.Build.0 = Debug|Any CPU
		{8D4CA35D-8B72-4C6F-AF86-783BD0C7ABDA}.Release|Any CPU.ActiveCfg = Release|Any CPU
		{8D4CA35D-8B72-4C6F-AF86-783BD0C7ABDA}.Release|Any CPU.Build.0 = Release|Any CPU
		{23962911-6A2C-4DCB-A7CA-4FEA0840D0B9}.Debug|Any CPU.ActiveCfg = Debug|Any CPU
		{23962911-6A2C-4DCB-A7CA-4FEA0840D0B9}.Debug|Any CPU.Build.0 = Debug|Any CPU
		{23962911-6A2C-4DCB-A7CA-4FEA0840D0B9}.Release|Any CPU.ActiveCfg = Release|Any CPU
		{23962911-6A2C-4DCB-A7CA-4FEA0840D0B9}.Release|Any CPU.Build.0 = Release|Any CPU
		{C3D50060-EE8D-4F4C-81DF-1D8DBD665BD2}.Debug|Any CPU.ActiveCfg = Debug|Any CPU
		{C3D50060-EE8D-4F4C-81DF-1D8DBD665BD2}.Debug|Any CPU.Build.0 = Debug|Any CPU
		{C3D50060-EE8D-4F4C-81DF-1D8DBD665BD2}.Release|Any CPU.ActiveCfg = Release|Any CPU
		{C3D50060-EE8D-4F4C-81DF-1D8DBD665BD2}.Release|Any CPU.Build.0 = Release|Any CPU
	EndGlobalSection
	GlobalSection(SolutionProperties) = preSolution
		HideSolutionNode = FALSE
	EndGlobalSection
	GlobalSection(ExtensibilityGlobals) = postSolution
		SolutionGuid = {9C10E01A-07E7-4D5D-BEB8-6E1B4E12AD0C}
	EndGlobalSection
EndGlobal
